
Microsoft Visual Studio Solution File, Format Version 12.00
# Visual Studio Version 17
VisualStudioVersion = 17.3.32804.467
MinimumVisualStudioVersion = 10.0.40219.1
Project("{9A19103F-16F7-4668-BE54-9A1E7A4F7556}") = "Todo-App", "Todo-App\Todo-App.csproj", "{38C33CB6-FF25-4EAE-BDAB-C210038B99CB}"
EndProject
Project("{9A19103F-16F7-4668-BE54-9A1E7A4F7556}") = "Todo-API", "Todo-API\Todo-API.csproj", "{13150C8D-DDB5-446A-94F8-8F6DECB7339E}"
EndProject
Project("{9A19103F-16F7-4668-BE54-9A1E7A4F7556}") = "Todo-Storage", "Storage\Todo-Storage.csproj", "{5CF83F19-BB14-4FEF-8A92-9C16268DADDF}"
EndProject
Global
	GlobalSection(SolutionConfigurationPlatforms) = preSolution
		Debug|Any CPU = Debug|Any CPU
		Release|Any CPU = Release|Any CPU
	EndGlobalSection
	GlobalSection(ProjectConfigurationPlatforms) = postSolution
		{38C33CB6-FF25-4EAE-BDAB-C210038B99CB}.Debug|Any CPU.ActiveCfg = Debug|Any CPU
		{38C33CB6-FF25-4EAE-BDAB-C210038B99CB}.Debug|Any CPU.Build.0 = Debug|Any CPU
		{38C33CB6-FF25-4EAE-BDAB-C210038B99CB}.Release|Any CPU.ActiveCfg = Release|Any CPU
		{38C33CB6-FF25-4EAE-BDAB-C210038B99CB}.Release|Any CPU.Build.0 = Release|Any CPU
		{13150C8D-DDB5-446A-94F8-8F6DECB7339E}.Debug|Any CPU.ActiveCfg = Debug|Any CPU
		{13150C8D-DDB5-446A-94F8-8F6DECB7339E}.Debug|Any CPU.Build.0 = Debug|Any CPU
		{13150C8D-DDB5-446A-94F8-8F6DECB7339E}.Release|Any CPU.ActiveCfg = Release|Any CPU
		{13150C8D-DDB5-446A-94F8-8F6DECB7339E}.Release|Any CPU.Build.0 = Release|Any CPU
		{5CF83F19-BB14-4FEF-8A92-9C16268DADDF}.Debug|Any CPU.ActiveCfg = Debug|Any CPU
		{5CF83F19-BB14-4FEF-8A92-9C16268DADDF}.Debug|Any CPU.Build.0 = Debug|Any CPU
		{5CF83F19-BB14-4FEF-8A92-9C16268DADDF}.Release|Any CPU.ActiveCfg = Release|Any CPU
		{5CF83F19-BB14-4FEF-8A92-9C16268DADDF}.Release|Any CPU.Build.0 = Release|Any CPU
	EndGlobalSection
	GlobalSection(SolutionProperties) = preSolution
		HideSolutionNode = FALSE
	EndGlobalSection
	GlobalSection(ExtensibilityGlobals) = postSolution
		SolutionGuid = {70405C31-D121-444A-B6F5-145CDA7617E6}
	EndGlobalSection
EndGlobal
